
Microsoft Visual Studio Solution File, Format Version 12.00
# Visual Studio 15
VisualStudioVersion = 15.0.28307.329
MinimumVisualStudioVersion = 10.0.40219.1
Project("{FAE04EC0-301F-11D3-BF4B-00C04F79EFBC}") = "Cantrell_Brian_W1E1", "Cantrell_Brian_W1E1\Cantrell_Brian_W1E1.csproj", "{AB3F4FE2-00F6-4006-A2A8-A23B54FECC63}"
EndProject
Global
	GlobalSection(SolutionConfigurationPlatforms) = preSolution
		Debug|Any CPU = Debug|Any CPU
		Release|Any CPU = Release|Any CPU
	EndGlobalSection
	GlobalSection(ProjectConfigurationPlatforms) = postSolution
		{AB3F4FE2-00F6-4006-A2A8-A23B54FECC63}.Debug|Any CPU.ActiveCfg = Debug|Any CPU
		{AB3F4FE2-00F6-4006-A2A8-A23B54FECC63}.Debug|Any CPU.Build.0 = Debug|Any CPU
		{AB3F4FE2-00F6-4006-A2A8-A23B54FECC63}.Release|Any CPU.ActiveCfg = Release|Any CPU
		{AB3F4FE2-00F6-4006-A2A8-A23B54FECC63}.Release|Any CPU.Build.0 = Release|Any CPU
	EndGlobalSection
	GlobalSection(SolutionProperties) = preSolution
		HideSolutionNode = FALSE
	EndGlobalSection
	GlobalSection(ExtensibilityGlobals) = postSolution
		SolutionGuid = {F4B1AFF1-57AB-4BB0-A17E-98388B5B9DEA}
	EndGlobalSection
EndGlobal
